
Microsoft Visual Studio Solution File, Format Version 12.00
# Visual Studio Version 16
VisualStudioVersion = 16.0.30804.86
MinimumVisualStudioVersion = 10.0.40219.1
Project("{FAE04EC0-301F-11D3-BF4B-00C04F79EFBC}") = "IXMRawViewer", "IXMRawViewer.csproj", "{A3AA6D4D-A5B5-4378-AA85-169D8806F975}"
EndProject
Global
	GlobalSection(SolutionConfigurationPlatforms) = preSolution
		Debug|Any CPU = Debug|Any CPU
		Release|Any CPU = Release|Any CPU
	EndGlobalSection
	GlobalSection(ProjectConfigurationPlatforms) = postSolution
		{A3AA6D4D-A5B5-4378-AA85-169D8806F975}.Debug|Any CPU.ActiveCfg = Debug|Any CPU
		{A3AA6D4D-A5B5-4378-AA85-169D8806F975}.Debug|Any CPU.Build.0 = Debug|Any CPU
		{A3AA6D4D-A5B5-4378-AA85-169D8806F975}.Release|Any CPU.ActiveCfg = Release|Any CPU
		{A3AA6D4D-A5B5-4378-AA85-169D8806F975}.Release|Any CPU.Build.0 = Release|Any CPU
	EndGlobalSection
	GlobalSection(SolutionProperties) = preSolution
		HideSolutionNode = FALSE
	EndGlobalSection
	GlobalSection(ExtensibilityGlobals) = postSolution
		SolutionGuid = {DB9D1F0F-49F5-4FE6-8B5E-F840CDA5C118}
	EndGlobalSection
EndGlobal
